// !$*UTF8*$!
{
	archiveVersion = 1;
	classes = {
	};
	objectVersion = 46;
	objects = {

/* Begin PBXBuildFile section */
		03764F59198A57FA005A8E61 /* Foundation.framework in Frameworks */ = {isa = PBXBuildFile; fileRef = 03764F58198A57FA005A8E61 /* Foundation.framework */; };
		03764F5B198A57FA005A8E61 /* CoreGraphics.framework in Frameworks */ = {isa = PBXBuildFile; fileRef = 03764F5A198A57FA005A8E61 /* CoreGraphics.framework */; };
		03764F5D198A57FA005A8E61 /* UIKit.framework in Frameworks */ = {isa = PBXBuildFile; fileRef = 03764F5C198A57FA005A8E61 /* UIKit.framework */; };
		03764F63198A57FA005A8E61 /* InfoPlist.strings in Resources */ = {isa = PBXBuildFile; fileRef = 03764F61198A57FA005A8E61 /* InfoPlist.strings */; };
		03764F65198A57FA005A8E61 /* main.m in Sources */ = {isa = PBXBuildFile; fileRef = 03764F64198A57FA005A8E61 /* main.m */; };
		03764F69198A57FA005A8E61 /* NBAppDelegate.m in Sources */ = {isa = PBXBuildFile; fileRef = 03764F68198A57FA005A8E61 /* NBAppDelegate.m */; };
		03764F6C198A57FA005A8E61 /* Main.storyboard in Resources */ = {isa = PBXBuildFile; fileRef = 03764F6A198A57FA005A8E61 /* Main.storyboard */; };
		03764F6F198A57FA005A8E61 /* NBViewController.m in Sources */ = {isa = PBXBuildFile; fileRef = 03764F6E198A57FA005A8E61 /* NBViewController.m */; };
		03764F71198A57FA005A8E61 /* Images.xcassets in Resources */ = {isa = PBXBuildFile; fileRef = 03764F70198A57FA005A8E61 /* Images.xcassets */; };
		03764F78198A57FA005A8E61 /* XCTest.framework in Frameworks */ = {isa = PBXBuildFile; fileRef = 03764F77198A57FA005A8E61 /* XCTest.framework */; };
		03764F79198A57FA005A8E61 /* Foundation.framework in Frameworks */ = {isa = PBXBuildFile; fileRef = 03764F58198A57FA005A8E61 /* Foundation.framework */; };
		03764F7A198A57FA005A8E61 /* UIKit.framework in Frameworks */ = {isa = PBXBuildFile; fileRef = 03764F5C198A57FA005A8E61 /* UIKit.framework */; };
		03764F82198A57FA005A8E61 /* InfoPlist.strings in Resources */ = {isa = PBXBuildFile; fileRef = 03764F80198A57FA005A8E61 /* InfoPlist.strings */; };
		03764F84198A57FA005A8E61 /* demoTests.m in Sources */ = {isa = PBXBuildFile; fileRef = 03764F83198A57FA005A8E61 /* demoTests.m */; };
		03764F90198A5820005A8E61 /* NBSearchField.m in Sources */ = {isa = PBXBuildFile; fileRef = 03764F8F198A5820005A8E61 /* NBSearchField.m */; };
/* End PBXBuildFile section */

/* Begin PBXContainerItemProxy section */
		03764F7B198A57FA005A8E61 /* PBXContainerItemProxy */ = {
			isa = PBXContainerItemProxy;
			containerPortal = 03764F4D198A57FA005A8E61 /* Project object */;
			proxyType = 1;
			remoteGlobalIDString = 03764F54198A57FA005A8E61;
			remoteInfo = demo;
		};
/* End PBXContainerItemProxy section */

/* Begin PBXFileReference section */
		03764F55198A57FA005A8E61 /* demo.app */ = {isa = PBXFileReference; explicitFileType = wrapper.application; includeInIndex = 0; path = demo.app; sourceTree = BUILT_PRODUCTS_DIR; };
		03764F58198A57FA005A8E61 /* Foundation.framework */ = {isa = PBXFileReference; lastKnownFileType = wrapper.framework; name = Foundation.framework; path = System/Library/Frameworks/Foundation.framework; sourceTree = SDKROOT; };
		03764F5A198A57FA005A8E61 /* CoreGraphics.framework */ = {isa = PBXFileReference; lastKnownFileType = wrapper.framework; name = CoreGraphics.framework; path = System/Library/Frameworks/CoreGraphics.framework; sourceTree = SDKROOT; };
		03764F5C198A57FA005A8E61 /* UIKit.framework */ = {isa = PBXFileReference; lastKnownFileType = wrapper.framework; name = UIKit.framework; path = System/Library/Frameworks/UIKit.framework; sourceTree = SDKROOT; };
		03764F60198A57FA005A8E61 /* demo-Info.plist */ = {isa = PBXFileReference; lastKnownFileType = text.plist.xml; path = "demo-Info.plist"; sourceTree = "<group>"; };
		03764F62198A57FA005A8E61 /* en */ = {isa = PBXFileReference; lastKnownFileType = text.plist.strings; name = en; path = en.lproj/InfoPlist.strings; sourceTree = "<group>"; };
		03764F64198A57FA005A8E61 /* main.m */ = {isa = PBXFileReference; lastKnownFileType = sourcecode.c.objc; path = main.m; sourceTree = "<group>"; };
		03764F66198A57FA005A8E61 /* demo-Prefix.pch */ = {isa = PBXFileReference; lastKnownFileType = sourcecode.c.h; path = "demo-Prefix.pch"; sourceTree = "<group>"; };
		03764F67198A57FA005A8E61 /* NBAppDelegate.h */ = {isa = PBXFileReference; lastKnownFileType = sourcecode.c.h; path = NBAppDelegate.h; sourceTree = "<group>"; };
		03764F68198A57FA005A8E61 /* NBAppDelegate.m */ = {isa = PBXFileReference; lastKnownFileType = sourcecode.c.objc; path = NBAppDelegate.m; sourceTree = "<group>"; };
		03764F6B198A57FA005A8E61 /* Base */ = {isa = PBXFileReference; lastKnownFileType = file.storyboard; name = Base; path = Base.lproj/Main.storyboard; sourceTree = "<group>"; };
		03764F6D198A57FA005A8E61 /* NBViewController.h */ = {isa = PBXFileReference; lastKnownFileType = sourcecode.c.h; path = NBViewController.h; sourceTree = "<group>"; };
		03764F6E198A57FA005A8E61 /* NBViewController.m */ = {isa = PBXFileReference; lastKnownFileType = sourcecode.c.objc; path = NBViewController.m; sourceTree = "<group>"; };
		03764F70198A57FA005A8E61 /* Images.xcassets */ = {isa = PBXFileReference; lastKnownFileType = folder.assetcatalog; path = Images.xcassets; sourceTree = "<group>"; };
		03764F76198A57FA005A8E61 /* demoTests.xctest */ = {isa = PBXFileReference; explicitFileType = wrapper.cfbundle; includeInIndex = 0; path = demoTests.xctest; sourceTree = BUILT_PRODUCTS_DIR; };
		03764F77198A57FA005A8E61 /* XCTest.framework */ = {isa = PBXFileReference; lastKnownFileType = wrapper.framework; name = XCTest.framework; path = Library/Frameworks/XCTest.framework; sourceTree = DEVELOPER_DIR; };
		03764F7F198A57FA005A8E61 /* demoTests-Info.plist */ = {isa = PBXFileReference; lastKnownFileType = text.plist.xml; path = "demoTests-Info.plist"; sourceTree = "<group>"; };
		03764F81198A57FA005A8E61 /* en */ = {isa = PBXFileReference; lastKnownFileType = text.plist.strings; name = en; path = en.lproj/InfoPlist.strings; sourceTree = "<group>"; };
		03764F83198A57FA005A8E61 /* demoTests.m */ = {isa = PBXFileReference; lastKnownFileType = sourcecode.c.objc; path = demoTests.m; sourceTree = "<group>"; };
		03764F8E198A5820005A8E61 /* NBSearchField.h */ = {isa = PBXFileReference; fileEncoding = 4; lastKnownFileType = sourcecode.c.h; path = NBSearchField.h; sourceTree = "<group>"; };
		03764F8F198A5820005A8E61 /* NBSearchField.m */ = {isa = PBXFileReference; fileEncoding = 4; lastKnownFileType = sourcecode.c.objc; path = NBSearchField.m; sourceTree = "<group>"; };
/* End PBXFileReference section */

/* Begin PBXFrameworksBuildPhase section */
		03764F52198A57FA005A8E61 /* Frameworks */ = {
			isa = PBXFrameworksBuildPhase;
			buildActionMask = 2147483647;
			files = (
				03764F5B198A57FA005A8E61 /* CoreGraphics.framework in Frameworks */,
				03764F5D198A57FA005A8E61 /* UIKit.framework in Frameworks */,
				03764F59198A57FA005A8E61 /* Foundation.framework in Frameworks */,
			);
			runOnlyForDeploymentPostprocessing = 0;
		};
		03764F73198A57FA005A8E61 /* Frameworks */ = {
			isa = PBXFrameworksBuildPhase;
			buildActionMask = 2147483647;
			files = (
				03764F78198A57FA005A8E61 /* XCTest.framework in Frameworks */,
				03764F7A198A57FA005A8E61 /* UIKit.framework in Frameworks */,
				03764F79198A57FA005A8E61 /* Foundation.framework in Frameworks */,
			);
			runOnlyForDeploymentPostprocessing = 0;
		};
/* End PBXFrameworksBuildPhase section */

/* Begin PBXGroup section */
		03764F4C198A57FA005A8E61 = {
			isa = PBXGroup;
			children = (
				03764F5E198A57FA005A8E61 /* demo */,
				03764F7D198A57FA005A8E61 /* demoTests */,
				03764F57198A57FA005A8E61 /* Frameworks */,
				03764F56198A57FA005A8E61 /* Products */,
				03764F8D198A5820005A8E61 /* src */,
			);
			sourceTree = "<group>";
		};
		03764F56198A57FA005A8E61 /* Products */ = {
			isa = PBXGroup;
			children = (
				03764F55198A57FA005A8E61 /* demo.app */,
				03764F76198A57FA005A8E61 /* demoTests.xctest */,
			);
			name = Products;
			sourceTree = "<group>";
		};
		03764F57198A57FA005A8E61 /* Frameworks */ = {
			isa = PBXGroup;
			children = (
				03764F58198A57FA005A8E61 /* Foundation.framework */,
				03764F5A198A57FA005A8E61 /* CoreGraphics.framework */,
				03764F5C198A57FA005A8E61 /* UIKit.framework */,
				03764F77198A57FA005A8E61 /* XCTest.framework */,
			);
			name = Frameworks;
			sourceTree = "<group>";
		};
		03764F5E198A57FA005A8E61 /* demo */ = {
			isa = PBXGroup;
			children = (
				03764F67198A57FA005A8E61 /* NBAppDelegate.h */,
				03764F68198A57FA005A8E61 /* NBAppDelegate.m */,
				03764F6A198A57FA005A8E61 /* Main.storyboard */,
				03764F6D198A57FA005A8E61 /* NBViewController.h */,
				03764F6E198A57FA005A8E61 /* NBViewController.m */,
				03764F70198A57FA005A8E61 /* Images.xcassets */,
				03764F5F198A57FA005A8E61 /* Supporting Files */,
			);
			path = demo;
			sourceTree = "<group>";
		};
		03764F5F198A57FA005A8E61 /* Supporting Files */ = {
			isa = PBXGroup;
			children = (
				03764F60198A57FA005A8E61 /* demo-Info.plist */,
				03764F61198A57FA005A8E61 /* InfoPlist.strings */,
				03764F64198A57FA005A8E61 /* main.m */,
				03764F66198A57FA005A8E61 /* demo-Prefix.pch */,
			);
			name = "Supporting Files";
			sourceTree = "<group>";
		};
		03764F7D198A57FA005A8E61 /* demoTests */ = {
			isa = PBXGroup;
			children = (
				03764F83198A57FA005A8E61 /* demoTests.m */,
				03764F7E198A57FA005A8E61 /* Supporting Files */,
			);
			path = demoTests;
			sourceTree = "<group>";
		};
		03764F7E198A57FA005A8E61 /* Supporting Files */ = {
			isa = PBXGroup;
			children = (
				03764F7F198A57FA005A8E61 /* demoTests-Info.plist */,
				03764F80198A57FA005A8E61 /* InfoPlist.strings */,
			);
			name = "Supporting Files";
			sourceTree = "<group>";
		};
		03764F8D198A5820005A8E61 /* src */ = {
			isa = PBXGroup;
			children = (
				03764F8E198A5820005A8E61 /* NBSearchField.h */,
				03764F8F198A5820005A8E61 /* NBSearchField.m */,
			);
			name = src;
			path = ../src;
			sourceTree = "<group>";
		};
/* End PBXGroup section */

/* Begin PBXNativeTarget section */
		03764F54198A57FA005A8E61 /* demo */ = {
			isa = PBXNativeTarget;
			buildConfigurationList = 03764F87198A57FA005A8E61 /* Build configuration list for PBXNativeTarget "demo" */;
			buildPhases = (
				03764F51198A57FA005A8E61 /* Sources */,
				03764F52198A57FA005A8E61 /* Frameworks */,
				03764F53198A57FA005A8E61 /* Resources */,
			);
			buildRules = (
			);
			dependencies = (
			);
			name = demo;
			productName = demo;
			productReference = 03764F55198A57FA005A8E61 /* demo.app */;
			productType = "com.apple.product-type.application";
		};
		03764F75198A57FA005A8E61 /* demoTests */ = {
			isa = PBXNativeTarget;
			buildConfigurationList = 03764F8A198A57FA005A8E61 /* Build configuration list for PBXNativeTarget "demoTests" */;
			buildPhases = (
				03764F72198A57FA005A8E61 /* Sources */,
				03764F73198A57FA005A8E61 /* Frameworks */,
				03764F74198A57FA005A8E61 /* Resources */,
			);
			buildRules = (
			);
			dependencies = (
				03764F7C198A57FA005A8E61 /* PBXTargetDependency */,
			);
			name = demoTests;
			productName = demoTests;
			productReference = 03764F76198A57FA005A8E61 /* demoTests.xctest */;
			productType = "com.apple.product-type.bundle.unit-test";
		};
/* End PBXNativeTarget section */

/* Begin PBXProject section */
		03764F4D198A57FA005A8E61 /* Project object */ = {
			isa = PBXProject;
			attributes = {
				CLASSPREFIX = NB;
				LastUpgradeCheck = 0510;
				ORGANIZATIONNAME = NeedBee;
				TargetAttributes = {
					03764F75198A57FA005A8E61 = {
						TestTargetID = 03764F54198A57FA005A8E61;
					};
				};
			};
			buildConfigurationList = 03764F50198A57FA005A8E61 /* Build configuration list for PBXProject "demo" */;
			compatibilityVersion = "Xcode 3.2";
			developmentRegion = English;
			hasScannedForEncodings = 0;
			knownRegions = (
				en,
				Base,
			);
			mainGroup = 03764F4C198A57FA005A8E61;
			productRefGroup = 03764F56198A57FA005A8E61 /* Products */;
			projectDirPath = "";
			projectRoot = "";
			targets = (
				03764F54198A57FA005A8E61 /* demo */,
				03764F75198A57FA005A8E61 /* demoTests */,
			);
		};
/* End PBXProject section */

/* Begin PBXResourcesBuildPhase section */
		03764F53198A57FA005A8E61 /* Resources */ = {
			isa = PBXResourcesBuildPhase;
			buildActionMask = 2147483647;
			files = (
				03764F71198A57FA005A8E61 /* Images.xcassets in Resources */,
				03764F63198A57FA005A8E61 /* InfoPlist.strings in Resources */,
				03764F6C198A57FA005A8E61 /* Main.storyboard in Resources */,
			);
			runOnlyForDeploymentPostprocessing = 0;
		};
		03764F74198A57FA005A8E61 /* Resources */ = {
			isa = PBXResourcesBuildPhase;
			buildActionMask = 2147483647;
			files = (
				03764F82198A57FA005A8E61 /* InfoPlist.strings in Resources */,
			);
			runOnlyForDeploymentPostprocessing = 0;
		};
/* End PBXResourcesBuildPhase section */

/* Begin PBXSourcesBuildPhase section */
		03764F51198A57FA005A8E61 /* Sources */ = {
			isa = PBXSourcesBuildPhase;
			buildActionMask = 2147483647;
			files = (
				03764F90198A5820005A8E61 /* NBSearchField.m in Sources */,
				03764F6F198A57FA005A8E61 /* NBViewController.m in Sources */,
				03764F69198A57FA005A8E61 /* NBAppDelegate.m in Sources */,
				03764F65198A57FA005A8E61 /* main.m in Sources */,
			);
			runOnlyForDeploymentPostprocessing = 0;
		};
		03764F72198A57FA005A8E61 /* Sources */ = {
			isa = PBXSourcesBuildPhase;
			buildActionMask = 2147483647;
			files = (
				03764F84198A57FA005A8E61 /* demoTests.m in Sources */,
			);
			runOnlyForDeploymentPostprocessing = 0;
		};
/* End PBXSourcesBuildPhase section */

/* Begin PBXTargetDependency section */
		03764F7C198A57FA005A8E61 /* PBXTargetDependency */ = {
			isa = PBXTargetDependency;
			target = 03764F54198A57FA005A8E61 /* demo */;
			targetProxy = 03764F7B198A57FA005A8E61 /* PBXContainerItemProxy */;
		};
/* End PBXTargetDependency section */

/* Begin PBXVariantGroup section */
		03764F61198A57FA005A8E61 /* InfoPlist.strings */ = {
			isa = PBXVariantGroup;
			children = (
				03764F62198A57FA005A8E61 /* en */,
			);
			name = InfoPlist.strings;
			sourceTree = "<group>";
		};
		03764F6A198A57FA005A8E61 /* Main.storyboard */ = {
			isa = PBXVariantGroup;
			children = (
				03764F6B198A57FA005A8E61 /* Base */,
			);
			name = Main.storyboard;
			sourceTree = "<group>";
		};
		03764F80198A57FA005A8E61 /* InfoPlist.strings */ = {
			isa = PBXVariantGroup;
			children = (
				03764F81198A57FA005A8E61 /* en */,
			);
			name = InfoPlist.strings;
			sourceTree = "<group>";
		};
/* End PBXVariantGroup section */

/* Begin XCBuildConfiguration section */
		03764F85198A57FA005A8E61 /* Debug */ = {
			isa = XCBuildConfiguration;
			buildSettings = {
				ALWAYS_SEARCH_USER_PATHS = NO;
				CLANG_CXX_LANGUAGE_STANDARD = "gnu++0x";
				CLANG_CXX_LIBRARY = "libc++";
				CLANG_ENABLE_MODULES = YES;
				CLANG_ENABLE_OBJC_ARC = YES;
				CLANG_WARN_BOOL_CONVERSION = YES;
				CLANG_WARN_CONSTANT_CONVERSION = YES;
				CLANG_WARN_DIRECT_OBJC_ISA_USAGE = YES_ERROR;
				CLANG_WARN_EMPTY_BODY = YES;
				CLANG_WARN_ENUM_CONVERSION = YES;
				CLANG_WARN_INT_CONVERSION = YES;
				CLANG_WARN_OBJC_ROOT_CLASS = YES_ERROR;
				CLANG_WARN__DUPLICATE_METHOD_MATCH = YES;
				"CODE_SIGN_IDENTITY[sdk=iphoneos*]" = "iPhone Developer";
				COPY_PHASE_STRIP = NO;
				GCC_C_LANGUAGE_STANDARD = gnu99;
				GCC_DYNAMIC_NO_PIC = NO;
				GCC_OPTIMIZATION_LEVEL = 0;
				GCC_PREPROCESSOR_DEFINITIONS = (
					"DEBUG=1",
					"$(inherited)",
				);
				GCC_SYMBOLS_PRIVATE_EXTERN = NO;
				GCC_WARN_64_TO_32_BIT_CONVERSION = YES;
				GCC_WARN_ABOUT_RETURN_TYPE = YES_ERROR;
				GCC_WARN_UNDECLARED_SELECTOR = YES;
				GCC_WARN_UNINITIALIZED_AUTOS = YES_AGGRESSIVE;
				GCC_WARN_UNUSED_FUNCTION = YES;
				GCC_WARN_UNUSED_VARIABLE = YES;
				IPHONEOS_DEPLOYMENT_TARGET = 7.1;
				ONLY_ACTIVE_ARCH = YES;
				SDKROOT = iphoneos;
			};
			name = Debug;
		};
		03764F86198A57FA005A8E61 /* Release */ = {
			isa = XCBuildConfiguration;
			buildSettings = {
				ALWAYS_SEARCH_USER_PATHS = NO;
				CLANG_CXX_LANGUAGE_STANDARD = "gnu++0x";
				CLANG_CXX_LIBRARY = "libc++";
				CLANG_ENABLE_MODULES = YES;
				CLANG_ENABLE_OBJC_ARC = YES;
				CLANG_WARN_BOOL_CONVERSION = YES;
				CLANG_WARN_CONSTANT_CONVERSION = YES;
				CLANG_WARN_DIRECT_OBJC_ISA_USAGE = YES_ERROR;
				CLANG_WARN_EMPTY_BODY = YES;
				CLANG_WARN_ENUM_CONVERSION = YES;
				CLANG_WARN_INT_CONVERSION = YES;
				CLANG_WARN_OBJC_ROOT_CLASS = YES_ERROR;
				CLANG_WARN__DUPLICATE_METHOD_MATCH = YES;
				"CODE_SIGN_IDENTITY[sdk=iphoneos*]" = "iPhone Developer";
				COPY_PHASE_STRIP = YES;
				ENABLE_NS_ASSERTIONS = NO;
				GCC_C_LANGUAGE_STANDARD = gnu99;
				GCC_WARN_64_TO_32_BIT_CONVERSION = YES;
				GCC_WARN_ABOUT_RETURN_TYPE = YES_ERROR;
				GCC_WARN_UNDECLARED_SELECTOR = YES;
				GCC_WARN_UNINITIALIZED_AUTOS = YES_AGGRESSIVE;
				GCC_WARN_UNUSED_FUNCTION = YES;
				GCC_WARN_UNUSED_VARIABLE = YES;
				IPHONEOS_DEPLOYMENT_TARGET = 7.1;
				SDKROOT = iphoneos;
				VALIDATE_PRODUCT = YES;
			};
			name = Release;
		};
		03764F88198A57FA005A8E61 /* Debug */ = {
			isa = XCBuildConfiguration;
			buildSettings = {
				ASSETCATALOG_COMPILER_APPICON_NAME = AppIcon;
				ASSETCATALOG_COMPILER_LAUNCHIMAGE_NAME = LaunchImage;
				GCC_PRECOMPILE_PREFIX_HEADER = YES;
				GCC_PREFIX_HEADER = "demo/demo-Prefix.pch";
				INFOPLIST_FILE = "demo/demo-Info.plist";
				IPHONEOS_DEPLOYMENT_TARGET = 6.0;
				PRODUCT_NAME = "$(TARGET_NAME)";
				WRAPPER_EXTENSION = app;
			};
			name = Debug;
		};
		03764F89198A57FA005A8E61 /* Release */ = {
			isa = XCBuildConfiguration;
			buildSettings = {
				ASSETCATALOG_COMPILER_APPICON_NAME = AppIcon;
				ASSETCATALOG_COMPILER_LAUNCHIMAGE_NAME = LaunchImage;
				GCC_PRECOMPILE_PREFIX_HEADER = YES;
				GCC_PREFIX_HEADER = "demo/demo-Prefix.pch";
				INFOPLIST_FILE = "demo/demo-Info.plist";
				IPHONEOS_DEPLOYMENT_TARGET = 6.0;
				PRODUCT_NAME = "$(TARGET_NAME)";
				WRAPPER_EXTENSION = app;
			};
			name = Release;
		};
		03764F8B198A57FA005A8E61 /* Debug */ = {
			isa = XCBuildConfiguration;
			buildSettings = {
				BUNDLE_LOADER = "$(BUILT_PRODUCTS_DIR)/demo.app/demo";
				FRAMEWORK_SEARCH_PATHS = (
					"$(SDKROOT)/Developer/Library/Frameworks",
					"$(inherited)",
					"$(DEVELOPER_FRAMEWORKS_DIR)",
				);
				GCC_PRECOMPILE_PREFIX_HEADER = YES;
				GCC_PREFIX_HEADER = "demo/demo-Prefix.pch";
				GCC_PREPROCESSOR_DEFINITIONS = (
					"DEBUG=1",
					"$(inherited)",
				);
				INFOPLIST_FILE = "demoTests/demoTests-Info.plist";
				PRODUCT_NAME = "$(TARGET_NAME)";
				TEST_HOST = "$(BUNDLE_LOADER)";
				WRAPPER_EXTENSION = xctest;
			};
			name = Debug;
		};
		03764F8C198A57FA005A8E61 /* Release */ = {
			isa = XCBuildConfiguration;
			buildSettings = {
				BUNDLE_LOADER = "$(BUILT_PRODUCTS_DIR)/demo.app/demo";
				FRAMEWORK_SEARCH_PATHS = (
					"$(SDKROOT)/Developer/Library/Frameworks",
					"$(inherited)",
					"$(DEVELOPER_FRAMEWORKS_DIR)",
				);
				GCC_PRECOMPILE_PREFIX_HEADER = YES;
				GCC_PREFIX_HEADER = "demo/demo-Prefix.pch";
				INFOPLIST_FILE = "demoTests/demoTests-Info.plist";
				PRODUCT_NAME = "$(TARGET_NAME)";
				TEST_HOST = "$(BUNDLE_LOADER)";
				WRAPPER_EXTENSION = xctest;
			};
			name = Release;
		};
/* End XCBuildConfiguration section */

/* Begin XCConfigurationList section */
		03764F50198A57FA005A8E61 /* Build configuration list for PBXProject "demo" */ = {
			isa = XCConfigurationList;
			buildConfigurations = (
				03764F85198A57FA005A8E61 /* Debug */,
				03764F86198A57FA005A8E61 /* Release */,
			);
			defaultConfigurationIsVisible = 0;
			defaultConfigurationName = Release;
		};
		03764F87198A57FA005A8E61 /* Build configuration list for PBXNativeTarget "demo" */ = {
			isa = XCConfigurationList;
			buildConfigurations = (
				03764F88198A57FA005A8E61 /* Debug */,
				03764F89198A57FA005A8E61 /* Release */,
			);
			defaultConfigurationIsVisible = 0;
		};
		03764F8A198A57FA005A8E61 /* Build configuration list for PBXNativeTarget "demoTests" */ = {
			isa = XCConfigurationList;
			buildConfigurations = (
				03764F8B198A57FA005A8E61 /* Debug */,
				03764F8C198A57FA005A8E61 /* Release */,
			);
			defaultConfigurationIsVisible = 0;
		};
/* End XCConfigurationList section */
	};
	rootObject = 03764F4D198A57FA005A8E61 /* Project object */;
}
